
Microsoft Visual Studio Solution File, Format Version 12.00
# Visual Studio Version 17
VisualStudioVersion = 17.5.33502.453
MinimumVisualStudioVersion = 10.0.40219.1
Project("{9A19103F-16F7-4668-BE54-9A1E7A4F7556}") = "ShellLang.Core", "ShellLang.Core\ShellLang.Core.csproj", "{474884A8-08FF-4DD7-824D-C18AFD399C05}"
EndProject
Project("{FAE04EC0-301F-11D3-BF4B-00C04F79EFBC}") = "ShellLang.Tests", "ShellLang.Tests\ShellLang.Tests.csproj", "{7F099651-88F9-44DA-BCAC-8D1550DD9EFA}"
EndProject
Global
	GlobalSection(SolutionConfigurationPlatforms) = preSolution
		Debug|Any CPU = Debug|Any CPU
		Release|Any CPU = Release|Any CPU
	EndGlobalSection
	GlobalSection(ProjectConfigurationPlatforms) = postSolution
		{474884A8-08FF-4DD7-824D-C18AFD399C05}.Debug|Any CPU.ActiveCfg = Debug|Any CPU
		{474884A8-08FF-4DD7-824D-C18AFD399C05}.Debug|Any CPU.Build.0 = Debug|Any CPU
		{474884A8-08FF-4DD7-824D-C18AFD399C05}.Release|Any CPU.ActiveCfg = Release|Any CPU
		{474884A8-08FF-4DD7-824D-C18AFD399C05}.Release|Any CPU.Build.0 = Release|Any CPU
		{7F099651-88F9-44DA-BCAC-8D1550DD9EFA}.Debug|Any CPU.ActiveCfg = Debug|Any CPU
		{7F099651-88F9-44DA-BCAC-8D1550DD9EFA}.Debug|Any CPU.Build.0 = Debug|Any CPU
		{7F099651-88F9-44DA-BCAC-8D1550DD9EFA}.Release|Any CPU.ActiveCfg = Release|Any CPU
		{7F099651-88F9-44DA-BCAC-8D1550DD9EFA}.Release|Any CPU.Build.0 = Release|Any CPU
	EndGlobalSection
	GlobalSection(SolutionProperties) = preSolution
		HideSolutionNode = FALSE
	EndGlobalSection
	GlobalSection(ExtensibilityGlobals) = postSolution
		SolutionGuid = {06F08195-4E76-4FD3-BEC3-9377D25990F1}
	EndGlobalSection
EndGlobal
